
Microsoft Visual Studio Solution File, Format Version 12.00
# Visual Studio 15
VisualStudioVersion = 15.0.27428.2037
MinimumVisualStudioVersion = 10.0.40219.1
Project("{8BC9CEB8-8B4A-11D0-8D11-00A0C91BC942}") = "Keylogger", "Keylogger\Keylogger.vcxproj", "{4C6D57B6-854E-4DBD-8482-25AF7127F1BC}"
EndProject
Global
	GlobalSection(SolutionConfigurationPlatforms) = preSolution
		Debug|x64 = Debug|x64
		Debug|x86 = Debug|x86
		Release|x64 = Release|x64
		Release|x86 = Release|x86
	EndGlobalSection
	GlobalSection(ProjectConfigurationPlatforms) = postSolution
		{4C6D57B6-854E-4DBD-8482-25AF7127F1BC}.Debug|x64.ActiveCfg = Debug|x64
		{4C6D57B6-854E-4DBD-8482-25AF7127F1BC}.Debug|x64.Build.0 = Debug|x64
		{4C6D57B6-854E-4DBD-8482-25AF7127F1BC}.Debug|x86.ActiveCfg = Debug|Win32
		{4C6D57B6-854E-4DBD-8482-25AF7127F1BC}.Debug|x86.Build.0 = Debug|Win32
		{4C6D57B6-854E-4DBD-8482-25AF7127F1BC}.Release|x64.ActiveCfg = Release|x64
		{4C6D57B6-854E-4DBD-8482-25AF7127F1BC}.Release|x64.Build.0 = Release|x64
		{4C6D57B6-854E-4DBD-8482-25AF7127F1BC}.Release|x86.ActiveCfg = Release|Win32
		{4C6D57B6-854E-4DBD-8482-25AF7127F1BC}.Release|x86.Build.0 = Release|Win32
	EndGlobalSection
	GlobalSection(SolutionProperties) = preSolution
		HideSolutionNode = FALSE
	EndGlobalSection
	GlobalSection(ExtensibilityGlobals) = postSolution
		SolutionGuid = {480F841E-A42C-4879-ACFF-31986025AEC6}
	EndGlobalSection
EndGlobal
